
Microsoft Visual Studio Solution File, Format Version 12.00
# Visual Studio Version 17
VisualStudioVersion = 17.5.33530.505
MinimumVisualStudioVersion = 10.0.40219.1
Project("{FAE04EC0-301F-11D3-BF4B-00C04F79EFBC}") = "SistemaGestionDeClientes", "SistemaGestionDeClientes\SistemaGestionDeClientes.csproj", "{09589C96-ED19-4504-94D8-53A31F492BEF}"
EndProject
Global
	GlobalSection(SolutionConfigurationPlatforms) = preSolution
		Debug|Any CPU = Debug|Any CPU
		Release|Any CPU = Release|Any CPU
	EndGlobalSection
	GlobalSection(ProjectConfigurationPlatforms) = postSolution
		{09589C96-ED19-4504-94D8-53A31F492BEF}.Debug|Any CPU.ActiveCfg = Debug|Any CPU
		{09589C96-ED19-4504-94D8-53A31F492BEF}.Debug|Any CPU.Build.0 = Debug|Any CPU
		{09589C96-ED19-4504-94D8-53A31F492BEF}.Release|Any CPU.ActiveCfg = Release|Any CPU
		{09589C96-ED19-4504-94D8-53A31F492BEF}.Release|Any CPU.Build.0 = Release|Any CPU
	EndGlobalSection
	GlobalSection(SolutionProperties) = preSolution
		HideSolutionNode = FALSE
	EndGlobalSection
	GlobalSection(ExtensibilityGlobals) = postSolution
		SolutionGuid = {472EE038-9934-45FC-9019-4E8B4ADD609F}
	EndGlobalSection
EndGlobal
